
Microsoft Visual Studio Solution File, Format Version 12.00
# Visual Studio Version 16
VisualStudioVersion = 16.0.31313.79
MinimumVisualStudioVersion = 10.0.40219.1
Project("{9A19103F-16F7-4668-BE54-9A1E7A4F7556}") = "Palindrome", "DaileyAssignments\Palindrome.csproj", "{2E31482A-C1F6-4E4B-9FB1-8E33B4C9155C}"
EndProject
Project("{9A19103F-16F7-4668-BE54-9A1E7A4F7556}") = "EvenToUpperCase", "EvenToUpperCase\EvenToUpperCase.csproj", "{30726F34-FAEE-4EEB-9BAF-C354007FE73B}"
EndProject
Project("{FAE04EC0-301F-11D3-BF4B-00C04F79EFBC}") = "CountVowels", "CountVowels\CountVowels.csproj", "{9CF9EBAB-5D26-4D79-8313-058BBD316BD6}"
EndProject
Project("{9A19103F-16F7-4668-BE54-9A1E7A4F7556}") = "RemoveCharacter", "RemoveCharacter\RemoveCharacter.csproj", "{98A5FAF0-A3DB-4FA9-9C3A-DE2165392171}"
EndProject
Project("{9A19103F-16F7-4668-BE54-9A1E7A4F7556}") = "RemoveMiddleChar", "RemoveMiddleChar\RemoveMiddleChar.csproj", "{15EB74B5-B6CE-48A0-8C0F-1C75FDD3B135}"
EndProject
Project("{9A19103F-16F7-4668-BE54-9A1E7A4F7556}") = "LargestElement", "LargestElement\LargestElement.csproj", "{004B0C53-DBC3-446E-A627-5342FE400374}"
EndProject
Project("{9A19103F-16F7-4668-BE54-9A1E7A4F7556}") = "TestingApp", "TestingApp\TestingApp.csproj", "{397FCD86-BD5D-4E34-8A3C-9A84B333365A}"
EndProject
Project("{FAE04EC0-301F-11D3-BF4B-00C04F79EFBC}") = "UniqueChars", "UniqueChars\UniqueChars.csproj", "{9C127CFF-1145-4F2C-9540-7F238EC5CEC4}"
EndProject
Global
	GlobalSection(SolutionConfigurationPlatforms) = preSolution
		Debug|Any CPU = Debug|Any CPU
		Release|Any CPU = Release|Any CPU
	EndGlobalSection
	GlobalSection(ProjectConfigurationPlatforms) = postSolution
		{2E31482A-C1F6-4E4B-9FB1-8E33B4C9155C}.Debug|Any CPU.ActiveCfg = Debug|Any CPU
		{2E31482A-C1F6-4E4B-9FB1-8E33B4C9155C}.Debug|Any CPU.Build.0 = Debug|Any CPU
		{2E31482A-C1F6-4E4B-9FB1-8E33B4C9155C}.Release|Any CPU.ActiveCfg = Release|Any CPU
		{2E31482A-C1F6-4E4B-9FB1-8E33B4C9155C}.Release|Any CPU.Build.0 = Release|Any CPU
		{30726F34-FAEE-4EEB-9BAF-C354007FE73B}.Debug|Any CPU.ActiveCfg = Debug|Any CPU
		{30726F34-FAEE-4EEB-9BAF-C354007FE73B}.Debug|Any CPU.Build.0 = Debug|Any CPU
		{30726F34-FAEE-4EEB-9BAF-C354007FE73B}.Release|Any CPU.ActiveCfg = Release|Any CPU
		{30726F34-FAEE-4EEB-9BAF-C354007FE73B}.Release|Any CPU.Build.0 = Release|Any CPU
		{9CF9EBAB-5D26-4D79-8313-058BBD316BD6}.Debug|Any CPU.ActiveCfg = Debug|Any CPU
		{9CF9EBAB-5D26-4D79-8313-058BBD316BD6}.Debug|Any CPU.Build.0 = Debug|Any CPU
		{9CF9EBAB-5D26-4D79-8313-058BBD316BD6}.Release|Any CPU.ActiveCfg = Release|Any CPU
		{9CF9EBAB-5D26-4D79-8313-058BBD316BD6}.Release|Any CPU.Build.0 = Release|Any CPU
		{98A5FAF0-A3DB-4FA9-9C3A-DE2165392171}.Debug|Any CPU.ActiveCfg = Debug|Any CPU
		{98A5FAF0-A3DB-4FA9-9C3A-DE2165392171}.Debug|Any CPU.Build.0 = Debug|Any CPU
		{98A5FAF0-A3DB-4FA9-9C3A-DE2165392171}.Release|Any CPU.ActiveCfg = Release|Any CPU
		{98A5FAF0-A3DB-4FA9-9C3A-DE2165392171}.Release|Any CPU.Build.0 = Release|Any CPU
		{15EB74B5-B6CE-48A0-8C0F-1C75FDD3B135}.Debug|Any CPU.ActiveCfg = Debug|Any CPU
		{15EB74B5-B6CE-48A0-8C0F-1C75FDD3B135}.Debug|Any CPU.Build.0 = Debug|Any CPU
		{15EB74B5-B6CE-48A0-8C0F-1C75FDD3B135}.Release|Any CPU.ActiveCfg = Release|Any CPU
		{15EB74B5-B6CE-48A0-8C0F-1C75FDD3B135}.Release|Any CPU.Build.0 = Release|Any CPU
		{004B0C53-DBC3-446E-A627-5342FE400374}.Debug|Any CPU.ActiveCfg = Debug|Any CPU
		{004B0C53-DBC3-446E-A627-5342FE400374}.Debug|Any CPU.Build.0 = Debug|Any CPU
		{004B0C53-DBC3-446E-A627-5342FE400374}.Release|Any CPU.ActiveCfg = Release|Any CPU
		{004B0C53-DBC3-446E-A627-5342FE400374}.Release|Any CPU.Build.0 = Release|Any CPU
		{397FCD86-BD5D-4E34-8A3C-9A84B333365A}.Debug|Any CPU.ActiveCfg = Debug|Any CPU
		{397FCD86-BD5D-4E34-8A3C-9A84B333365A}.Debug|Any CPU.Build.0 = Debug|Any CPU
		{397FCD86-BD5D-4E34-8A3C-9A84B333365A}.Release|Any CPU.ActiveCfg = Release|Any CPU
		{397FCD86-BD5D-4E34-8A3C-9A84B333365A}.Release|Any CPU.Build.0 = Release|Any CPU
		{9C127CFF-1145-4F2C-9540-7F238EC5CEC4}.Debug|Any CPU.ActiveCfg = Debug|Any CPU
		{9C127CFF-1145-4F2C-9540-7F238EC5CEC4}.Debug|Any CPU.Build.0 = Debug|Any CPU
		{9C127CFF-1145-4F2C-9540-7F238EC5CEC4}.Release|Any CPU.ActiveCfg = Release|Any CPU
		{9C127CFF-1145-4F2C-9540-7F238EC5CEC4}.Release|Any CPU.Build.0 = Release|Any CPU
	EndGlobalSection
	GlobalSection(SolutionProperties) = preSolution
		HideSolutionNode = FALSE
	EndGlobalSection
	GlobalSection(ExtensibilityGlobals) = postSolution
		SolutionGuid = {800E345A-1299-4C9F-BB30-0C92A052664E}
	EndGlobalSection
EndGlobal
